
Microsoft Visual Studio Solution File, Format Version 12.00
# Visual Studio Express 2012 for Windows Desktop
Project("{FAE04EC0-301F-11D3-BF4B-00C04F79EFBC}") = "Ch4CodeMagnets", "Ch4CodeMagnets\Ch4CodeMagnets.csproj", "{716A1A49-2ED4-44D2-AD00-CDE32B40FE36}"
EndProject
Global
	GlobalSection(SolutionConfigurationPlatforms) = preSolution
		Debug|Any CPU = Debug|Any CPU
		Release|Any CPU = Release|Any CPU
	EndGlobalSection
	GlobalSection(ProjectConfigurationPlatforms) = postSolution
		{716A1A49-2ED4-44D2-AD00-CDE32B40FE36}.Debug|Any CPU.ActiveCfg = Debug|Any CPU
		{716A1A49-2ED4-44D2-AD00-CDE32B40FE36}.Debug|Any CPU.Build.0 = Debug|Any CPU
		{716A1A49-2ED4-44D2-AD00-CDE32B40FE36}.Release|Any CPU.ActiveCfg = Release|Any CPU
		{716A1A49-2ED4-44D2-AD00-CDE32B40FE36}.Release|Any CPU.Build.0 = Release|Any CPU
	EndGlobalSection
	GlobalSection(SolutionProperties) = preSolution
		HideSolutionNode = FALSE
	EndGlobalSection
EndGlobal
