
Microsoft Visual Studio Solution File, Format Version 12.00
# Visual Studio Express 2012 for Windows Desktop
Project("{FAE04EC0-301F-11D3-BF4B-00C04F79EFBC}") = "TestApplication1", "TestApplication1\TestApplication1.csproj", "{A7F9C621-E13C-4F6B-A0AB-8AB039A31E19}"
EndProject
Global
	GlobalSection(SolutionConfigurationPlatforms) = preSolution
		Debug|Any CPU = Debug|Any CPU
		Release|Any CPU = Release|Any CPU
	EndGlobalSection
	GlobalSection(ProjectConfigurationPlatforms) = postSolution
		{A7F9C621-E13C-4F6B-A0AB-8AB039A31E19}.Debug|Any CPU.ActiveCfg = Debug|Any CPU
		{A7F9C621-E13C-4F6B-A0AB-8AB039A31E19}.Debug|Any CPU.Build.0 = Debug|Any CPU
		{A7F9C621-E13C-4F6B-A0AB-8AB039A31E19}.Release|Any CPU.ActiveCfg = Release|Any CPU
		{A7F9C621-E13C-4F6B-A0AB-8AB039A31E19}.Release|Any CPU.Build.0 = Release|Any CPU
	EndGlobalSection
	GlobalSection(SolutionProperties) = preSolution
		HideSolutionNode = FALSE
	EndGlobalSection
EndGlobal
